
Microsoft Visual Studio Solution File, Format Version 12.00
# Visual Studio Version 17
VisualStudioVersion = 17.4.33103.184
MinimumVisualStudioVersion = 10.0.40219.1
Project("{FAE04EC0-301F-11D3-BF4B-00C04F79EFBC}") = "ServerPartea2", "SocketPartea2\ServerPartea2.csproj", "{BF4B1731-C81A-4C0D-A8D3-E5021C409D40}"
EndProject
Project("{FAE04EC0-301F-11D3-BF4B-00C04F79EFBC}") = "ClientPartea2", "ClientPartea2\ClientPartea2.csproj", "{FABBE52C-8986-4FA9-9D5C-8741B9C8D312}"
EndProject
Global
	GlobalSection(SolutionConfigurationPlatforms) = preSolution
		Debug|Any CPU = Debug|Any CPU
		Release|Any CPU = Release|Any CPU
	EndGlobalSection
	GlobalSection(ProjectConfigurationPlatforms) = postSolution
		{BF4B1731-C81A-4C0D-A8D3-E5021C409D40}.Debug|Any CPU.ActiveCfg = Debug|Any CPU
		{BF4B1731-C81A-4C0D-A8D3-E5021C409D40}.Debug|Any CPU.Build.0 = Debug|Any CPU
		{BF4B1731-C81A-4C0D-A8D3-E5021C409D40}.Release|Any CPU.ActiveCfg = Release|Any CPU
		{BF4B1731-C81A-4C0D-A8D3-E5021C409D40}.Release|Any CPU.Build.0 = Release|Any CPU
		{FABBE52C-8986-4FA9-9D5C-8741B9C8D312}.Debug|Any CPU.ActiveCfg = Debug|Any CPU
		{FABBE52C-8986-4FA9-9D5C-8741B9C8D312}.Debug|Any CPU.Build.0 = Debug|Any CPU
		{FABBE52C-8986-4FA9-9D5C-8741B9C8D312}.Release|Any CPU.ActiveCfg = Release|Any CPU
		{FABBE52C-8986-4FA9-9D5C-8741B9C8D312}.Release|Any CPU.Build.0 = Release|Any CPU
	EndGlobalSection
	GlobalSection(SolutionProperties) = preSolution
		HideSolutionNode = FALSE
	EndGlobalSection
	GlobalSection(ExtensibilityGlobals) = postSolution
		SolutionGuid = {0FC80E96-A3EB-4EB5-9B6F-F737147D10C1}
	EndGlobalSection
EndGlobal
